
Microsoft Visual Studio Solution File, Format Version 12.00
# Visual Studio Version 16
VisualStudioVersion = 16.0.30523.141
MinimumVisualStudioVersion = 10.0.40219.1
Project("{FAE04EC0-301F-11D3-BF4B-00C04F79EFBC}") = "Chat", "Chat\Chat.csproj", "{BDC0EAC3-45A6-4815-9A4A-D1176B1A11F1}"
EndProject
Project("{FAE04EC0-301F-11D3-BF4B-00C04F79EFBC}") = "ChatTests", "ChatTests\ChatTests.csproj", "{5BC4D96A-3233-49B5-8E30-726AF347F631}"
EndProject
Global
	GlobalSection(SolutionConfigurationPlatforms) = preSolution
		Debug|Any CPU = Debug|Any CPU
		Release|Any CPU = Release|Any CPU
	EndGlobalSection
	GlobalSection(ProjectConfigurationPlatforms) = postSolution
		{BDC0EAC3-45A6-4815-9A4A-D1176B1A11F1}.Debug|Any CPU.ActiveCfg = Debug|Any CPU
		{BDC0EAC3-45A6-4815-9A4A-D1176B1A11F1}.Debug|Any CPU.Build.0 = Debug|Any CPU
		{BDC0EAC3-45A6-4815-9A4A-D1176B1A11F1}.Release|Any CPU.ActiveCfg = Release|Any CPU
		{BDC0EAC3-45A6-4815-9A4A-D1176B1A11F1}.Release|Any CPU.Build.0 = Release|Any CPU
		{5BC4D96A-3233-49B5-8E30-726AF347F631}.Debug|Any CPU.ActiveCfg = Debug|Any CPU
		{5BC4D96A-3233-49B5-8E30-726AF347F631}.Debug|Any CPU.Build.0 = Debug|Any CPU
		{5BC4D96A-3233-49B5-8E30-726AF347F631}.Release|Any CPU.ActiveCfg = Release|Any CPU
		{5BC4D96A-3233-49B5-8E30-726AF347F631}.Release|Any CPU.Build.0 = Release|Any CPU
	EndGlobalSection
	GlobalSection(SolutionProperties) = preSolution
		HideSolutionNode = FALSE
	EndGlobalSection
	GlobalSection(ExtensibilityGlobals) = postSolution
		SolutionGuid = {C5758718-1833-40E0-BDAF-48741561B1C7}
	EndGlobalSection
EndGlobal
